
Microsoft Visual Studio Solution File, Format Version 12.00
# Visual Studio Version 16
VisualStudioVersion = 16.0.31624.102
MinimumVisualStudioVersion = 10.0.40219.1
Project("{FAE04EC0-301F-11D3-BF4B-00C04F79EFBC}") = "WazoTool", "WazoTool\WazoTool.csproj", "{40BBACC9-1A49-4B6B-AFE5-070F38B82827}"
EndProject
Global
	GlobalSection(SolutionConfigurationPlatforms) = preSolution
		Debug|Any CPU = Debug|Any CPU
		Release|Any CPU = Release|Any CPU
	EndGlobalSection
	GlobalSection(ProjectConfigurationPlatforms) = postSolution
		{40BBACC9-1A49-4B6B-AFE5-070F38B82827}.Debug|Any CPU.ActiveCfg = Debug|Any CPU
		{40BBACC9-1A49-4B6B-AFE5-070F38B82827}.Debug|Any CPU.Build.0 = Debug|Any CPU
		{40BBACC9-1A49-4B6B-AFE5-070F38B82827}.Release|Any CPU.ActiveCfg = Release|Any CPU
		{40BBACC9-1A49-4B6B-AFE5-070F38B82827}.Release|Any CPU.Build.0 = Release|Any CPU
	EndGlobalSection
	GlobalSection(SolutionProperties) = preSolution
		HideSolutionNode = FALSE
	EndGlobalSection
	GlobalSection(ExtensibilityGlobals) = postSolution
		SolutionGuid = {9902FD2E-7214-4E5E-B675-D655423E7642}
	EndGlobalSection
EndGlobal
